
Microsoft Visual Studio Solution File, Format Version 12.00
# Visual Studio Version 17
VisualStudioVersion = 17.5.002.0
MinimumVisualStudioVersion = 10.0.40219.1
Project("{2150E333-8FDC-42A3-9474-1A3956D46DE8}") = "prepare", "prepare", "{170C0AB8-6A47-4A7E-B08E-F42FD05689FC}"
EndProject
Project("{9A19103F-16F7-4668-BE54-9A1E7A4F7556}") = "Learning02", "prepare\Learning02\Learning02.csproj", "{270C2E8D-F6EF-4186-B7B6-950550D6A441}"
EndProject
Project("{9A19103F-16F7-4668-BE54-9A1E7A4F7556}") = "Learning05", "prepare\Learning05\Learning05.csproj", "{531844D1-D6B6-4C29-850E-68D85FF33741}"
EndProject
Project("{9A19103F-16F7-4668-BE54-9A1E7A4F7556}") = "Learning04", "prepare\Learning04\Learning04.csproj", "{2269906A-E303-4415-9453-3AE8F8E28C55}"
EndProject
Project("{9A19103F-16F7-4668-BE54-9A1E7A4F7556}") = "Learning03", "prepare\Learning03\Learning03.csproj", "{CEFFC85D-A864-4B85-828F-59F7DC764ADF}"
EndProject
Project("{2150E333-8FDC-42A3-9474-1A3956D46DE8}") = "prove", "prove", "{E0E7410E-DA26-415D-844E-DA82241F6EEF}"
EndProject
Project("{9A19103F-16F7-4668-BE54-9A1E7A4F7556}") = "Develop03", "prove\Develop03\Develop03.csproj", "{F0CEC8F0-2748-45DA-AB0A-E1B1BFCFB65B}"
EndProject
Project("{9A19103F-16F7-4668-BE54-9A1E7A4F7556}") = "Develop04", "prove\Develop04\Develop04.csproj", "{F22F1D6E-5422-441B-A141-6A8B230B1E2E}"
EndProject
Project("{9A19103F-16F7-4668-BE54-9A1E7A4F7556}") = "Develop05", "prove\Develop05\Develop05.csproj", "{DFC9658D-D543-42A7-A0A3-721DB43CDBD8}"
EndProject
Project("{9A19103F-16F7-4668-BE54-9A1E7A4F7556}") = "Develop02", "prove\Develop02\Develop02.csproj", "{64DF9946-4DAF-4053-B244-8B1074DCFDC8}"
EndProject
Project("{2150E333-8FDC-42A3-9474-1A3956D46DE8}") = "sandbox", "sandbox", "{67F00B69-B195-4ED2-AE9E-59D5A9085666}"
EndProject
Project("{9A19103F-16F7-4668-BE54-9A1E7A4F7556}") = "Sandbox", "sandbox\Sandbox\Sandbox.csproj", "{CBA71268-0A28-4D05-8D90-C2FDDCFFDFB3}"
EndProject
Project("{2150E333-8FDC-42A3-9474-1A3956D46DE8}") = "final", "final", "{2D04BF72-F374-48F9-B4F0-5D223F43EB50}"
EndProject
Project("{9A19103F-16F7-4668-BE54-9A1E7A4F7556}") = "FinalProject", "final\FinalProject\FinalProject.csproj", "{558B39FA-D6AB-4B7E-94B1-D1DD4546DFB7}"
EndProject
Project("{9A19103F-16F7-4668-BE54-9A1E7A4F7556}") = "Foundation1", "final\Foundation1\Foundation1.csproj", "{8F9E48AE-1E5B-4920-B633-61C719898FFC}"
EndProject
Project("{9A19103F-16F7-4668-BE54-9A1E7A4F7556}") = "Foundation4", "final\Foundation4\Foundation4.csproj", "{775F4F18-0FC1-4807-BF67-A978D43D997B}"
EndProject
Project("{9A19103F-16F7-4668-BE54-9A1E7A4F7556}") = "Foundation3", "final\Foundation3\Foundation3.csproj", "{73BDB349-6FED-4418-B061-773B1E10AB44}"
EndProject
Project("{9A19103F-16F7-4668-BE54-9A1E7A4F7556}") = "Foundation2", "final\Foundation2\Foundation2.csproj", "{665C8A4C-3850-4708-9451-394B1BFCDD0A}"
EndProject
Project("{2150E333-8FDC-42A3-9474-1A3956D46DE8}") = "csharp-prep", "csharp-prep", "{5255EF4E-6BD6-4EBD-9F09-42D9990E1533}"
EndProject
Project("{9A19103F-16F7-4668-BE54-9A1E7A4F7556}") = "Prep1", "csharp-prep\Prep1\Prep1.csproj", "{672295EA-8086-4A05-9DFC-F0FC4D58ADF7}"
EndProject
Project("{9A19103F-16F7-4668-BE54-9A1E7A4F7556}") = "Prep5", "csharp-prep\Prep5\Prep5.csproj", "{2403CE91-F1C4-4D94-B1FB-F9A942D5724A}"
EndProject
Project("{9A19103F-16F7-4668-BE54-9A1E7A4F7556}") = "Prep2", "csharp-prep\Prep2\Prep2.csproj", "{C5BB5FC9-4BCF-4E2C-8AB7-2CE1B1CA3985}"
EndProject
Project("{9A19103F-16F7-4668-BE54-9A1E7A4F7556}") = "Prep3", "csharp-prep\Prep3\Prep3.csproj", "{376F86E0-BED9-4023-8CEB-E035787DEB86}"
EndProject
Project("{9A19103F-16F7-4668-BE54-9A1E7A4F7556}") = "Prep4", "csharp-prep\Prep4\Prep4.csproj", "{1DA24FBC-A646-42A6-AE82-07ACA664E330}"
EndProject
Global
	GlobalSection(SolutionConfigurationPlatforms) = preSolution
		Debug|Any CPU = Debug|Any CPU
		Release|Any CPU = Release|Any CPU
	EndGlobalSection
	GlobalSection(ProjectConfigurationPlatforms) = postSolution
		{270C2E8D-F6EF-4186-B7B6-950550D6A441}.Debug|Any CPU.ActiveCfg = Debug|Any CPU
		{270C2E8D-F6EF-4186-B7B6-950550D6A441}.Debug|Any CPU.Build.0 = Debug|Any CPU
		{270C2E8D-F6EF-4186-B7B6-950550D6A441}.Release|Any CPU.ActiveCfg = Release|Any CPU
		{270C2E8D-F6EF-4186-B7B6-950550D6A441}.Release|Any CPU.Build.0 = Release|Any CPU
		{531844D1-D6B6-4C29-850E-68D85FF33741}.Debug|Any CPU.ActiveCfg = Debug|Any CPU
		{531844D1-D6B6-4C29-850E-68D85FF33741}.Debug|Any CPU.Build.0 = Debug|Any CPU
		{531844D1-D6B6-4C29-850E-68D85FF33741}.Release|Any CPU.ActiveCfg = Release|Any CPU
		{531844D1-D6B6-4C29-850E-68D85FF33741}.Release|Any CPU.Build.0 = Release|Any CPU
		{2269906A-E303-4415-9453-3AE8F8E28C55}.Debug|Any CPU.ActiveCfg = Debug|Any CPU
		{2269906A-E303-4415-9453-3AE8F8E28C55}.Debug|Any CPU.Build.0 = Debug|Any CPU
		{2269906A-E303-4415-9453-3AE8F8E28C55}.Release|Any CPU.ActiveCfg = Release|Any CPU
		{2269906A-E303-4415-9453-3AE8F8E28C55}.Release|Any CPU.Build.0 = Release|Any CPU
		{CEFFC85D-A864-4B85-828F-59F7DC764ADF}.Debug|Any CPU.ActiveCfg = Debug|Any CPU
		{CEFFC85D-A864-4B85-828F-59F7DC764ADF}.Debug|Any CPU.Build.0 = Debug|Any CPU
		{CEFFC85D-A864-4B85-828F-59F7DC764ADF}.Release|Any CPU.ActiveCfg = Release|Any CPU
		{CEFFC85D-A864-4B85-828F-59F7DC764ADF}.Release|Any CPU.Build.0 = Release|Any CPU
		{F0CEC8F0-2748-45DA-AB0A-E1B1BFCFB65B}.Debug|Any CPU.ActiveCfg = Debug|Any CPU
		{F0CEC8F0-2748-45DA-AB0A-E1B1BFCFB65B}.Debug|Any CPU.Build.0 = Debug|Any CPU
		{F0CEC8F0-2748-45DA-AB0A-E1B1BFCFB65B}.Release|Any CPU.ActiveCfg = Release|Any CPU
		{F0CEC8F0-2748-45DA-AB0A-E1B1BFCFB65B}.Release|Any CPU.Build.0 = Release|Any CPU
		{F22F1D6E-5422-441B-A141-6A8B230B1E2E}.Debug|Any CPU.ActiveCfg = Debug|Any CPU
		{F22F1D6E-5422-441B-A141-6A8B230B1E2E}.Debug|Any CPU.Build.0 = Debug|Any CPU
		{F22F1D6E-5422-441B-A141-6A8B230B1E2E}.Release|Any CPU.ActiveCfg = Release|Any CPU
		{F22F1D6E-5422-441B-A141-6A8B230B1E2E}.Release|Any CPU.Build.0 = Release|Any CPU
		{DFC9658D-D543-42A7-A0A3-721DB43CDBD8}.Debug|Any CPU.ActiveCfg = Debug|Any CPU
		{DFC9658D-D543-42A7-A0A3-721DB43CDBD8}.Debug|Any CPU.Build.0 = Debug|Any CPU
		{DFC9658D-D543-42A7-A0A3-721DB43CDBD8}.Release|Any CPU.ActiveCfg = Release|Any CPU
		{DFC9658D-D543-42A7-A0A3-721DB43CDBD8}.Release|Any CPU.Build.0 = Release|Any CPU
		{64DF9946-4DAF-4053-B244-8B1074DCFDC8}.Debug|Any CPU.ActiveCfg = Debug|Any CPU
		{64DF9946-4DAF-4053-B244-8B1074DCFDC8}.Debug|Any CPU.Build.0 = Debug|Any CPU
		{64DF9946-4DAF-4053-B244-8B1074DCFDC8}.Release|Any CPU.ActiveCfg = Release|Any CPU
		{64DF9946-4DAF-4053-B244-8B1074DCFDC8}.Release|Any CPU.Build.0 = Release|Any CPU
		{CBA71268-0A28-4D05-8D90-C2FDDCFFDFB3}.Debug|Any CPU.ActiveCfg = Debug|Any CPU
		{CBA71268-0A28-4D05-8D90-C2FDDCFFDFB3}.Debug|Any CPU.Build.0 = Debug|Any CPU
		{CBA71268-0A28-4D05-8D90-C2FDDCFFDFB3}.Release|Any CPU.ActiveCfg = Release|Any CPU
		{CBA71268-0A28-4D05-8D90-C2FDDCFFDFB3}.Release|Any CPU.Build.0 = Release|Any CPU
		{558B39FA-D6AB-4B7E-94B1-D1DD4546DFB7}.Debug|Any CPU.ActiveCfg = Debug|Any CPU
		{558B39FA-D6AB-4B7E-94B1-D1DD4546DFB7}.Debug|Any CPU.Build.0 = Debug|Any CPU
		{558B39FA-D6AB-4B7E-94B1-D1DD4546DFB7}.Release|Any CPU.ActiveCfg = Release|Any CPU
		{558B39FA-D6AB-4B7E-94B1-D1DD4546DFB7}.Release|Any CPU.Build.0 = Release|Any CPU
		{8F9E48AE-1E5B-4920-B633-61C719898FFC}.Debug|Any CPU.ActiveCfg = Debug|Any CPU
		{8F9E48AE-1E5B-4920-B633-61C719898FFC}.Debug|Any CPU.Build.0 = Debug|Any CPU
		{8F9E48AE-1E5B-4920-B633-61C719898FFC}.Release|Any CPU.ActiveCfg = Release|Any CPU
		{8F9E48AE-1E5B-4920-B633-61C719898FFC}.Release|Any CPU.Build.0 = Release|Any CPU
		{775F4F18-0FC1-4807-BF67-A978D43D997B}.Debug|Any CPU.ActiveCfg = Debug|Any CPU
		{775F4F18-0FC1-4807-BF67-A978D43D997B}.Debug|Any CPU.Build.0 = Debug|Any CPU
		{775F4F18-0FC1-4807-BF67-A978D43D997B}.Release|Any CPU.ActiveCfg = Release|Any CPU
		{775F4F18-0FC1-4807-BF67-A978D43D997B}.Release|Any CPU.Build.0 = Release|Any CPU
		{73BDB349-6FED-4418-B061-773B1E10AB44}.Debug|Any CPU.ActiveCfg = Debug|Any CPU
		{73BDB349-6FED-4418-B061-773B1E10AB44}.Debug|Any CPU.Build.0 = Debug|Any CPU
		{73BDB349-6FED-4418-B061-773B1E10AB44}.Release|Any CPU.ActiveCfg = Release|Any CPU
		{73BDB349-6FED-4418-B061-773B1E10AB44}.Release|Any CPU.Build.0 = Release|Any CPU
		{665C8A4C-3850-4708-9451-394B1BFCDD0A}.Debug|Any CPU.ActiveCfg = Debug|Any CPU
		{665C8A4C-3850-4708-9451-394B1BFCDD0A}.Debug|Any CPU.Build.0 = Debug|Any CPU
		{665C8A4C-3850-4708-9451-394B1BFCDD0A}.Release|Any CPU.ActiveCfg = Release|Any CPU
		{665C8A4C-3850-4708-9451-394B1BFCDD0A}.Release|Any CPU.Build.0 = Release|Any CPU
		{672295EA-8086-4A05-9DFC-F0FC4D58ADF7}.Debug|Any CPU.ActiveCfg = Debug|Any CPU
		{672295EA-8086-4A05-9DFC-F0FC4D58ADF7}.Debug|Any CPU.Build.0 = Debug|Any CPU
		{672295EA-8086-4A05-9DFC-F0FC4D58ADF7}.Release|Any CPU.ActiveCfg = Release|Any CPU
		{672295EA-8086-4A05-9DFC-F0FC4D58ADF7}.Release|Any CPU.Build.0 = Release|Any CPU
		{2403CE91-F1C4-4D94-B1FB-F9A942D5724A}.Debug|Any CPU.ActiveCfg = Debug|Any CPU
		{2403CE91-F1C4-4D94-B1FB-F9A942D5724A}.Debug|Any CPU.Build.0 = Debug|Any CPU
		{2403CE91-F1C4-4D94-B1FB-F9A942D5724A}.Release|Any CPU.ActiveCfg = Release|Any CPU
		{2403CE91-F1C4-4D94-B1FB-F9A942D5724A}.Release|Any CPU.Build.0 = Release|Any CPU
		{C5BB5FC9-4BCF-4E2C-8AB7-2CE1B1CA3985}.Debug|Any CPU.ActiveCfg = Debug|Any CPU
		{C5BB5FC9-4BCF-4E2C-8AB7-2CE1B1CA3985}.Debug|Any CPU.Build.0 = Debug|Any CPU
		{C5BB5FC9-4BCF-4E2C-8AB7-2CE1B1CA3985}.Release|Any CPU.ActiveCfg = Release|Any CPU
		{C5BB5FC9-4BCF-4E2C-8AB7-2CE1B1CA3985}.Release|Any CPU.Build.0 = Release|Any CPU
		{376F86E0-BED9-4023-8CEB-E035787DEB86}.Debug|Any CPU.ActiveCfg = Debug|Any CPU
		{376F86E0-BED9-4023-8CEB-E035787DEB86}.Debug|Any CPU.Build.0 = Debug|Any CPU
		{376F86E0-BED9-4023-8CEB-E035787DEB86}.Release|Any CPU.ActiveCfg = Release|Any CPU
		{376F86E0-BED9-4023-8CEB-E035787DEB86}.Release|Any CPU.Build.0 = Release|Any CPU
		{1DA24FBC-A646-42A6-AE82-07ACA664E330}.Debug|Any CPU.ActiveCfg = Debug|Any CPU
		{1DA24FBC-A646-42A6-AE82-07ACA664E330}.Debug|Any CPU.Build.0 = Debug|Any CPU
		{1DA24FBC-A646-42A6-AE82-07ACA664E330}.Release|Any CPU.ActiveCfg = Release|Any CPU
		{1DA24FBC-A646-42A6-AE82-07ACA664E330}.Release|Any CPU.Build.0 = Release|Any CPU
	EndGlobalSection
	GlobalSection(SolutionProperties) = preSolution
		HideSolutionNode = FALSE
	EndGlobalSection
	GlobalSection(NestedProjects) = preSolution
		{270C2E8D-F6EF-4186-B7B6-950550D6A441} = {170C0AB8-6A47-4A7E-B08E-F42FD05689FC}
		{531844D1-D6B6-4C29-850E-68D85FF33741} = {170C0AB8-6A47-4A7E-B08E-F42FD05689FC}
		{2269906A-E303-4415-9453-3AE8F8E28C55} = {170C0AB8-6A47-4A7E-B08E-F42FD05689FC}
		{CEFFC85D-A864-4B85-828F-59F7DC764ADF} = {170C0AB8-6A47-4A7E-B08E-F42FD05689FC}
		{F0CEC8F0-2748-45DA-AB0A-E1B1BFCFB65B} = {E0E7410E-DA26-415D-844E-DA82241F6EEF}
		{F22F1D6E-5422-441B-A141-6A8B230B1E2E} = {E0E7410E-DA26-415D-844E-DA82241F6EEF}
		{DFC9658D-D543-42A7-A0A3-721DB43CDBD8} = {E0E7410E-DA26-415D-844E-DA82241F6EEF}
		{64DF9946-4DAF-4053-B244-8B1074DCFDC8} = {E0E7410E-DA26-415D-844E-DA82241F6EEF}
		{CBA71268-0A28-4D05-8D90-C2FDDCFFDFB3} = {67F00B69-B195-4ED2-AE9E-59D5A9085666}
		{558B39FA-D6AB-4B7E-94B1-D1DD4546DFB7} = {2D04BF72-F374-48F9-B4F0-5D223F43EB50}
		{8F9E48AE-1E5B-4920-B633-61C719898FFC} = {2D04BF72-F374-48F9-B4F0-5D223F43EB50}
		{775F4F18-0FC1-4807-BF67-A978D43D997B} = {2D04BF72-F374-48F9-B4F0-5D223F43EB50}
		{73BDB349-6FED-4418-B061-773B1E10AB44} = {2D04BF72-F374-48F9-B4F0-5D223F43EB50}
		{665C8A4C-3850-4708-9451-394B1BFCDD0A} = {2D04BF72-F374-48F9-B4F0-5D223F43EB50}
		{672295EA-8086-4A05-9DFC-F0FC4D58ADF7} = {5255EF4E-6BD6-4EBD-9F09-42D9990E1533}
		{2403CE91-F1C4-4D94-B1FB-F9A942D5724A} = {5255EF4E-6BD6-4EBD-9F09-42D9990E1533}
		{C5BB5FC9-4BCF-4E2C-8AB7-2CE1B1CA3985} = {5255EF4E-6BD6-4EBD-9F09-42D9990E1533}
		{376F86E0-BED9-4023-8CEB-E035787DEB86} = {5255EF4E-6BD6-4EBD-9F09-42D9990E1533}
		{1DA24FBC-A646-42A6-AE82-07ACA664E330} = {5255EF4E-6BD6-4EBD-9F09-42D9990E1533}
	EndGlobalSection
	GlobalSection(ExtensibilityGlobals) = postSolution
		SolutionGuid = {F969B546-C054-4CEF-B81A-C41CBB15AEA5}
	EndGlobalSection
EndGlobal
